// !$*UTF8*$!
{
	archiveVersion = 1;
	classes = {
	};
	objectVersion = 55;
	objects = {

/* Begin PBXBuildFile section */
		5262A9E015FCEBDA085D55DD /* Pods_test_bankapp_ios.framework in Frameworks */ = {isa = PBXBuildFile; fileRef = F3A5406C19EEA01F82C41C37 /* Pods_test_bankapp_ios.framework */; };
		600C2E8028A49BDA0019ABF6 /* Roboto-Medium.ttf in Resources */ = {isa = PBXBuildFile; fileRef = 600C2E7F28A49BDA0019ABF6 /* Roboto-Medium.ttf */; };
		60170A9128A4E36F000535DA /* Manager.swift in Sources */ = {isa = PBXBuildFile; fileRef = 60170A9028A4E36F000535DA /* Manager.swift */; };
		602D33E128A4D89100A2A08E /* CuentaResponse.swift in Sources */ = {isa = PBXBuildFile; fileRef = 602D33E028A4D89100A2A08E /* CuentaResponse.swift */; };
		602D33E328A4D8A000A2A08E /* SaldosResponse.swift in Sources */ = {isa = PBXBuildFile; fileRef = 602D33E228A4D8A000A2A08E /* SaldosResponse.swift */; };
		602D33E528A4D8AC00A2A08E /* TarjetasResponse.swift in Sources */ = {isa = PBXBuildFile; fileRef = 602D33E428A4D8AC00A2A08E /* TarjetasResponse.swift */; };
		602D33E728A4D8BB00A2A08E /* MovimientosResponse.swift in Sources */ = {isa = PBXBuildFile; fileRef = 602D33E628A4D8BB00A2A08E /* MovimientosResponse.swift */; };
		602D33E928A4DA4300A2A08E /* BankManager.swift in Sources */ = {isa = PBXBuildFile; fileRef = 602D33E828A4DA4300A2A08E /* BankManager.swift */; };
		6068988628A53D98002BDFDB /* Endpoints.swift in Sources */ = {isa = PBXBuildFile; fileRef = 6068988528A53D98002BDFDB /* Endpoints.swift */; };
		6068988828A54CB0002BDFDB /* Double+Extension.swift in Sources */ = {isa = PBXBuildFile; fileRef = 6068988728A54CB0002BDFDB /* Double+Extension.swift */; };
		60D688DD28A4752400C0E31D /* AppDelegate.swift in Sources */ = {isa = PBXBuildFile; fileRef = 60D688DC28A4752400C0E31D /* AppDelegate.swift */; };
		60D688DF28A4752400C0E31D /* SceneDelegate.swift in Sources */ = {isa = PBXBuildFile; fileRef = 60D688DE28A4752400C0E31D /* SceneDelegate.swift */; };
		60D688E428A4752400C0E31D /* Main.storyboard in Resources */ = {isa = PBXBuildFile; fileRef = 60D688E228A4752400C0E31D /* Main.storyboard */; };
		60D688E628A4752600C0E31D /* Assets.xcassets in Resources */ = {isa = PBXBuildFile; fileRef = 60D688E528A4752600C0E31D /* Assets.xcassets */; };
		60D688E928A4752600C0E31D /* LaunchScreen.storyboard in Resources */ = {isa = PBXBuildFile; fileRef = 60D688E728A4752600C0E31D /* LaunchScreen.storyboard */; };
		60D688F328A47B2200C0E31D /* Roboto-Bold.ttf in Resources */ = {isa = PBXBuildFile; fileRef = 60D688F128A47B2200C0E31D /* Roboto-Bold.ttf */; };
		60D688F428A47B2200C0E31D /* Roboto-Regular.ttf in Resources */ = {isa = PBXBuildFile; fileRef = 60D688F228A47B2200C0E31D /* Roboto-Regular.ttf */; };
		60D688F628A47B5800C0E31D /* SFProText-Regular.ttf in Resources */ = {isa = PBXBuildFile; fileRef = 60D688F528A47B5800C0E31D /* SFProText-Regular.ttf */; };
		60D688FB28A47BD100C0E31D /* AsociarTarjetaViewController.swift in Sources */ = {isa = PBXBuildFile; fileRef = 60D688FA28A47BD100C0E31D /* AsociarTarjetaViewController.swift */; };
		60D688FD28A47BF200C0E31D /* TarjetasViewController.swift in Sources */ = {isa = PBXBuildFile; fileRef = 60D688FC28A47BF200C0E31D /* TarjetasViewController.swift */; };
		60D6890028A47CF100C0E31D /* Extension+UIView.swift in Sources */ = {isa = PBXBuildFile; fileRef = 60D688FF28A47CF100C0E31D /* Extension+UIView.swift */; };
		60D6895D28A492DD00C0E31D /* CustomCell.swift in Sources */ = {isa = PBXBuildFile; fileRef = 60D6895C28A492DD00C0E31D /* CustomCell.swift */; };
		60E8A1F028A4BD27006694B4 /* TarjetaCell.swift in Sources */ = {isa = PBXBuildFile; fileRef = 60E8A1EE28A4BD27006694B4 /* TarjetaCell.swift */; };
		60E8A1F128A4BD27006694B4 /* TarjetaCell.xib in Resources */ = {isa = PBXBuildFile; fileRef = 60E8A1EF28A4BD27006694B4 /* TarjetaCell.xib */; };
		60E8A1F528A4BD43006694B4 /* MovimientosCell.swift in Sources */ = {isa = PBXBuildFile; fileRef = 60E8A1F328A4BD43006694B4 /* MovimientosCell.swift */; };
		60E8A1F628A4BD43006694B4 /* MovimientosCell.xib in Resources */ = {isa = PBXBuildFile; fileRef = 60E8A1F428A4BD43006694B4 /* MovimientosCell.xib */; };
/* End PBXBuildFile section */

/* Begin PBXFileReference section */
		2918B6FB21648ED99900A94F /* Pods-test-bankapp-ios.release.xcconfig */ = {isa = PBXFileReference; includeInIndex = 1; lastKnownFileType = text.xcconfig; name = "Pods-test-bankapp-ios.release.xcconfig"; path = "Target Support Files/Pods-test-bankapp-ios/Pods-test-bankapp-ios.release.xcconfig"; sourceTree = "<group>"; };
		600C2E7F28A49BDA0019ABF6 /* Roboto-Medium.ttf */ = {isa = PBXFileReference; lastKnownFileType = file; path = "Roboto-Medium.ttf"; sourceTree = "<group>"; };
		60170A9028A4E36F000535DA /* Manager.swift */ = {isa = PBXFileReference; lastKnownFileType = sourcecode.swift; path = Manager.swift; sourceTree = "<group>"; };
		602D33E028A4D89100A2A08E /* CuentaResponse.swift */ = {isa = PBXFileReference; lastKnownFileType = sourcecode.swift; path = CuentaResponse.swift; sourceTree = "<group>"; };
		602D33E228A4D8A000A2A08E /* SaldosResponse.swift */ = {isa = PBXFileReference; lastKnownFileType = sourcecode.swift; path = SaldosResponse.swift; sourceTree = "<group>"; };
		602D33E428A4D8AC00A2A08E /* TarjetasResponse.swift */ = {isa = PBXFileReference; lastKnownFileType = sourcecode.swift; path = TarjetasResponse.swift; sourceTree = "<group>"; };
		602D33E628A4D8BB00A2A08E /* MovimientosResponse.swift */ = {isa = PBXFileReference; lastKnownFileType = sourcecode.swift; path = MovimientosResponse.swift; sourceTree = "<group>"; };
		602D33E828A4DA4300A2A08E /* BankManager.swift */ = {isa = PBXFileReference; lastKnownFileType = sourcecode.swift; path = BankManager.swift; sourceTree = "<group>"; };
		6068988528A53D98002BDFDB /* Endpoints.swift */ = {isa = PBXFileReference; lastKnownFileType = sourcecode.swift; path = Endpoints.swift; sourceTree = "<group>"; };
		6068988728A54CB0002BDFDB /* Double+Extension.swift */ = {isa = PBXFileReference; lastKnownFileType = sourcecode.swift; path = "Double+Extension.swift"; sourceTree = "<group>"; };
		60D688D928A4752400C0E31D /* test-bankapp-ios.app */ = {isa = PBXFileReference; explicitFileType = wrapper.application; includeInIndex = 0; path = "test-bankapp-ios.app"; sourceTree = BUILT_PRODUCTS_DIR; };
		60D688DC28A4752400C0E31D /* AppDelegate.swift */ = {isa = PBXFileReference; lastKnownFileType = sourcecode.swift; path = AppDelegate.swift; sourceTree = "<group>"; };
		60D688DE28A4752400C0E31D /* SceneDelegate.swift */ = {isa = PBXFileReference; lastKnownFileType = sourcecode.swift; path = SceneDelegate.swift; sourceTree = "<group>"; };
		60D688E328A4752400C0E31D /* Base */ = {isa = PBXFileReference; lastKnownFileType = file.storyboard; name = Base; path = Base.lproj/Main.storyboard; sourceTree = "<group>"; };
		60D688E528A4752600C0E31D /* Assets.xcassets */ = {isa = PBXFileReference; lastKnownFileType = folder.assetcatalog; path = Assets.xcassets; sourceTree = "<group>"; };
		60D688E828A4752600C0E31D /* Base */ = {isa = PBXFileReference; lastKnownFileType = file.storyboard; name = Base; path = Base.lproj/LaunchScreen.storyboard; sourceTree = "<group>"; };
		60D688EA28A4752600C0E31D /* Info.plist */ = {isa = PBXFileReference; lastKnownFileType = text.plist.xml; path = Info.plist; sourceTree = "<group>"; };
		60D688F128A47B2200C0E31D /* Roboto-Bold.ttf */ = {isa = PBXFileReference; lastKnownFileType = file; path = "Roboto-Bold.ttf"; sourceTree = "<group>"; };
		60D688F228A47B2200C0E31D /* Roboto-Regular.ttf */ = {isa = PBXFileReference; lastKnownFileType = file; path = "Roboto-Regular.ttf"; sourceTree = "<group>"; };
		60D688F528A47B5800C0E31D /* SFProText-Regular.ttf */ = {isa = PBXFileReference; lastKnownFileType = file; path = "SFProText-Regular.ttf"; sourceTree = "<group>"; };
		60D688FA28A47BD100C0E31D /* AsociarTarjetaViewController.swift */ = {isa = PBXFileReference; lastKnownFileType = sourcecode.swift; path = AsociarTarjetaViewController.swift; sourceTree = "<group>"; };
		60D688FC28A47BF200C0E31D /* TarjetasViewController.swift */ = {isa = PBXFileReference; lastKnownFileType = sourcecode.swift; path = TarjetasViewController.swift; sourceTree = "<group>"; };
		60D688FF28A47CF100C0E31D /* Extension+UIView.swift */ = {isa = PBXFileReference; lastKnownFileType = sourcecode.swift; path = "Extension+UIView.swift"; sourceTree = "<group>"; };
		60D6895C28A492DD00C0E31D /* CustomCell.swift */ = {isa = PBXFileReference; lastKnownFileType = sourcecode.swift; path = CustomCell.swift; sourceTree = "<group>"; };
		60E8A1EE28A4BD27006694B4 /* TarjetaCell.swift */ = {isa = PBXFileReference; lastKnownFileType = sourcecode.swift; path = TarjetaCell.swift; sourceTree = "<group>"; };
		60E8A1EF28A4BD27006694B4 /* TarjetaCell.xib */ = {isa = PBXFileReference; lastKnownFileType = file.xib; path = TarjetaCell.xib; sourceTree = "<group>"; };
		60E8A1F328A4BD43006694B4 /* MovimientosCell.swift */ = {isa = PBXFileReference; lastKnownFileType = sourcecode.swift; path = MovimientosCell.swift; sourceTree = "<group>"; };
		60E8A1F428A4BD43006694B4 /* MovimientosCell.xib */ = {isa = PBXFileReference; lastKnownFileType = file.xib; path = MovimientosCell.xib; sourceTree = "<group>"; };
		C7A02B3A771894F593A012E6 /* Pods-test-bankapp-ios.debug.xcconfig */ = {isa = PBXFileReference; includeInIndex = 1; lastKnownFileType = text.xcconfig; name = "Pods-test-bankapp-ios.debug.xcconfig"; path = "Target Support Files/Pods-test-bankapp-ios/Pods-test-bankapp-ios.debug.xcconfig"; sourceTree = "<group>"; };
		F3A5406C19EEA01F82C41C37 /* Pods_test_bankapp_ios.framework */ = {isa = PBXFileReference; explicitFileType = wrapper.framework; includeInIndex = 0; path = Pods_test_bankapp_ios.framework; sourceTree = BUILT_PRODUCTS_DIR; };
/* End PBXFileReference section */

/* Begin PBXFrameworksBuildPhase section */
		60D688D628A4752400C0E31D /* Frameworks */ = {
			isa = PBXFrameworksBuildPhase;
			buildActionMask = 2147483647;
			files = (
				5262A9E015FCEBDA085D55DD /* Pods_test_bankapp_ios.framework in Frameworks */,
			);
			runOnlyForDeploymentPostprocessing = 0;
		};
/* End PBXFrameworksBuildPhase section */

/* Begin PBXGroup section */
		21D28D5B062D1E5CCBBF4965 /* Pods */ = {
			isa = PBXGroup;
			children = (
				C7A02B3A771894F593A012E6 /* Pods-test-bankapp-ios.debug.xcconfig */,
				2918B6FB21648ED99900A94F /* Pods-test-bankapp-ios.release.xcconfig */,
			);
			path = Pods;
			sourceTree = "<group>";
		};
		5E3D854C5036735F30D225D5 /* Frameworks */ = {
			isa = PBXGroup;
			children = (
				F3A5406C19EEA01F82C41C37 /* Pods_test_bankapp_ios.framework */,
			);
			name = Frameworks;
			sourceTree = "<group>";
		};
		602D33DF28A4D79A00A2A08E /* Response */ = {
			isa = PBXGroup;
			children = (
				602D33E028A4D89100A2A08E /* CuentaResponse.swift */,
				602D33E228A4D8A000A2A08E /* SaldosResponse.swift */,
				602D33E428A4D8AC00A2A08E /* TarjetasResponse.swift */,
				602D33E628A4D8BB00A2A08E /* MovimientosResponse.swift */,
			);
			path = Response;
			sourceTree = "<group>";
		};
		60D688D028A4752300C0E31D = {
			isa = PBXGroup;
			children = (
				60D688DB28A4752400C0E31D /* test-bankapp-ios */,
				60D688DA28A4752400C0E31D /* Products */,
				21D28D5B062D1E5CCBBF4965 /* Pods */,
				5E3D854C5036735F30D225D5 /* Frameworks */,
			);
			sourceTree = "<group>";
		};
		60D688DA28A4752400C0E31D /* Products */ = {
			isa = PBXGroup;
			children = (
				60D688D928A4752400C0E31D /* test-bankapp-ios.app */,
			);
			name = Products;
			sourceTree = "<group>";
		};
		60D688DB28A4752400C0E31D /* test-bankapp-ios */ = {
			isa = PBXGroup;
			children = (
				60D688FE28A47CCC00C0E31D /* Extensions */,
				60D688F928A47B7400C0E31D /* Controller */,
				60D688F828A47B6F00C0E31D /* View */,
				60D688F728A47B6900C0E31D /* Model */,
				60D688F028A47B0700C0E31D /* fonts */,
				60D688DC28A4752400C0E31D /* AppDelegate.swift */,
				60D688DE28A4752400C0E31D /* SceneDelegate.swift */,
				60D688E528A4752600C0E31D /* Assets.xcassets */,
				60D688EA28A4752600C0E31D /* Info.plist */,
			);
			path = "test-bankapp-ios";
			sourceTree = "<group>";
		};
		60D688F028A47B0700C0E31D /* fonts */ = {
			isa = PBXGroup;
			children = (
				60D688F528A47B5800C0E31D /* SFProText-Regular.ttf */,
				600C2E7F28A49BDA0019ABF6 /* Roboto-Medium.ttf */,
				60D688F128A47B2200C0E31D /* Roboto-Bold.ttf */,
				60D688F228A47B2200C0E31D /* Roboto-Regular.ttf */,
			);
			path = fonts;
			sourceTree = "<group>";
		};
		60D688F728A47B6900C0E31D /* Model */ = {
			isa = PBXGroup;
			children = (
				602D33DF28A4D79A00A2A08E /* Response */,
				602D33E828A4DA4300A2A08E /* BankManager.swift */,
				60170A9028A4E36F000535DA /* Manager.swift */,
				6068988528A53D98002BDFDB /* Endpoints.swift */,
			);
			path = Model;
			sourceTree = "<group>";
		};
		60D688F828A47B6F00C0E31D /* View */ = {
			isa = PBXGroup;
			children = (
				60E8A1F228A4BD2E006694B4 /* Movimientos */,
				60E8A1ED28A4BD0B006694B4 /* TablaTarjetas */,
				60D688E228A4752400C0E31D /* Main.storyboard */,
				60D688E728A4752600C0E31D /* LaunchScreen.storyboard */,
				60D6895C28A492DD00C0E31D /* CustomCell.swift */,
			);
			path = View;
			sourceTree = "<group>";
		};
		60D688F928A47B7400C0E31D /* Controller */ = {
			isa = PBXGroup;
			children = (
				60D688FA28A47BD100C0E31D /* AsociarTarjetaViewController.swift */,
				60D688FC28A47BF200C0E31D /* TarjetasViewController.swift */,
			);
			path = Controller;
			sourceTree = "<group>";
		};
		60D688FE28A47CCC00C0E31D /* Extensions */ = {
			isa = PBXGroup;
			children = (
				60D688FF28A47CF100C0E31D /* Extension+UIView.swift */,
				6068988728A54CB0002BDFDB /* Double+Extension.swift */,
			);
			path = Extensions;
			sourceTree = "<group>";
		};
		60E8A1ED28A4BD0B006694B4 /* TablaTarjetas */ = {
			isa = PBXGroup;
			children = (
				60E8A1EE28A4BD27006694B4 /* TarjetaCell.swift */,
				60E8A1EF28A4BD27006694B4 /* TarjetaCell.xib */,
			);
			path = TablaTarjetas;
			sourceTree = "<group>";
		};
		60E8A1F228A4BD2E006694B4 /* Movimientos */ = {
			isa = PBXGroup;
			children = (
				60E8A1F328A4BD43006694B4 /* MovimientosCell.swift */,
				60E8A1F428A4BD43006694B4 /* MovimientosCell.xib */,
			);
			path = Movimientos;
			sourceTree = "<group>";
		};
/* End PBXGroup section */

/* Begin PBXNativeTarget section */
		60D688D828A4752400C0E31D /* test-bankapp-ios */ = {
			isa = PBXNativeTarget;
			buildConfigurationList = 60D688ED28A4752600C0E31D /* Build configuration list for PBXNativeTarget "test-bankapp-ios" */;
			buildPhases = (
				0F134681CD079A1762761CFD /* [CP] Check Pods Manifest.lock */,
				60D688D528A4752400C0E31D /* Sources */,
				60D688D628A4752400C0E31D /* Frameworks */,
				60D688D728A4752400C0E31D /* Resources */,
				D2DF70F3E3A692B1C8410E69 /* [CP] Embed Pods Frameworks */,
			);
			buildRules = (
			);
			dependencies = (
			);
			name = "test-bankapp-ios";
			productName = "test-bankapp-ios";
			productReference = 60D688D928A4752400C0E31D /* test-bankapp-ios.app */;
			productType = "com.apple.product-type.application";
		};
/* End PBXNativeTarget section */

/* Begin PBXProject section */
		60D688D128A4752300C0E31D /* Project object */ = {
			isa = PBXProject;
			attributes = {
				BuildIndependentTargetsInParallel = 1;
				LastSwiftUpdateCheck = 1340;
				LastUpgradeCheck = 1340;
				TargetAttributes = {
					60D688D828A4752400C0E31D = {
						CreatedOnToolsVersion = 13.4.1;
					};
				};
			};
			buildConfigurationList = 60D688D428A4752400C0E31D /* Build configuration list for PBXProject "test-bankapp-ios" */;
			compatibilityVersion = "Xcode 13.0";
			developmentRegion = en;
			hasScannedForEncodings = 0;
			knownRegions = (
				en,
				Base,
			);
			mainGroup = 60D688D028A4752300C0E31D;
			productRefGroup = 60D688DA28A4752400C0E31D /* Products */;
			projectDirPath = "";
			projectRoot = "";
			targets = (
				60D688D828A4752400C0E31D /* test-bankapp-ios */,
			);
		};
/* End PBXProject section */

/* Begin PBXResourcesBuildPhase section */
		60D688D728A4752400C0E31D /* Resources */ = {
			isa = PBXResourcesBuildPhase;
			buildActionMask = 2147483647;
			files = (
				60D688E928A4752600C0E31D /* LaunchScreen.storyboard in Resources */,
				60D688F628A47B5800C0E31D /* SFProText-Regular.ttf in Resources */,
				60D688E628A4752600C0E31D /* Assets.xcassets in Resources */,
				60E8A1F128A4BD27006694B4 /* TarjetaCell.xib in Resources */,
				60E8A1F628A4BD43006694B4 /* MovimientosCell.xib in Resources */,
				600C2E8028A49BDA0019ABF6 /* Roboto-Medium.ttf in Resources */,
				60D688F428A47B2200C0E31D /* Roboto-Regular.ttf in Resources */,
				60D688F328A47B2200C0E31D /* Roboto-Bold.ttf in Resources */,
				60D688E428A4752400C0E31D /* Main.storyboard in Resources */,
			);
			runOnlyForDeploymentPostprocessing = 0;
		};
/* End PBXResourcesBuildPhase section */

/* Begin PBXShellScriptBuildPhase section */
		0F134681CD079A1762761CFD /* [CP] Check Pods Manifest.lock */ = {
			isa = PBXShellScriptBuildPhase;
			buildActionMask = 2147483647;
			files = (
			);
			inputFileListPaths = (
			);
			inputPaths = (
				"${PODS_PODFILE_DIR_PATH}/Podfile.lock",
				"${PODS_ROOT}/Manifest.lock",
			);
			name = "[CP] Check Pods Manifest.lock";
			outputFileListPaths = (
			);
			outputPaths = (
				"$(DERIVED_FILE_DIR)/Pods-test-bankapp-ios-checkManifestLockResult.txt",
			);
			runOnlyForDeploymentPostprocessing = 0;
			shellPath = /bin/sh;
			shellScript = "diff \"${PODS_PODFILE_DIR_PATH}/Podfile.lock\" \"${PODS_ROOT}/Manifest.lock\" > /dev/null\nif [ $? != 0 ] ; then\n    # print error to STDERR\n    echo \"error: The sandbox is not in sync with the Podfile.lock. Run 'pod install' or update your CocoaPods installation.\" >&2\n    exit 1\nfi\n# This output is used by Xcode 'outputs' to avoid re-running this script phase.\necho \"SUCCESS\" > \"${SCRIPT_OUTPUT_FILE_0}\"\n";
			showEnvVarsInLog = 0;
		};
		D2DF70F3E3A692B1C8410E69 /* [CP] Embed Pods Frameworks */ = {
			isa = PBXShellScriptBuildPhase;
			buildActionMask = 2147483647;
			files = (
			);
			inputFileListPaths = (
				"${PODS_ROOT}/Target Support Files/Pods-test-bankapp-ios/Pods-test-bankapp-ios-frameworks-${CONFIGURATION}-input-files.xcfilelist",
			);
			name = "[CP] Embed Pods Frameworks";
			outputFileListPaths = (
				"${PODS_ROOT}/Target Support Files/Pods-test-bankapp-ios/Pods-test-bankapp-ios-frameworks-${CONFIGURATION}-output-files.xcfilelist",
			);
			runOnlyForDeploymentPostprocessing = 0;
			shellPath = /bin/sh;
			shellScript = "\"${PODS_ROOT}/Target Support Files/Pods-test-bankapp-ios/Pods-test-bankapp-ios-frameworks.sh\"\n";
			showEnvVarsInLog = 0;
		};
/* End PBXShellScriptBuildPhase section */

/* Begin PBXSourcesBuildPhase section */
		60D688D528A4752400C0E31D /* Sources */ = {
			isa = PBXSourcesBuildPhase;
			buildActionMask = 2147483647;
			files = (
				602D33E328A4D8A000A2A08E /* SaldosResponse.swift in Sources */,
				60D688FD28A47BF200C0E31D /* TarjetasViewController.swift in Sources */,
				60D688DD28A4752400C0E31D /* AppDelegate.swift in Sources */,
				60E8A1F528A4BD43006694B4 /* MovimientosCell.swift in Sources */,
				6068988828A54CB0002BDFDB /* Double+Extension.swift in Sources */,
				6068988628A53D98002BDFDB /* Endpoints.swift in Sources */,
				602D33E928A4DA4300A2A08E /* BankManager.swift in Sources */,
				60E8A1F028A4BD27006694B4 /* TarjetaCell.swift in Sources */,
				60D6890028A47CF100C0E31D /* Extension+UIView.swift in Sources */,
				602D33E128A4D89100A2A08E /* CuentaResponse.swift in Sources */,
				60D688DF28A4752400C0E31D /* SceneDelegate.swift in Sources */,
				602D33E528A4D8AC00A2A08E /* TarjetasResponse.swift in Sources */,
				602D33E728A4D8BB00A2A08E /* MovimientosResponse.swift in Sources */,
				60170A9128A4E36F000535DA /* Manager.swift in Sources */,
				60D6895D28A492DD00C0E31D /* CustomCell.swift in Sources */,
				60D688FB28A47BD100C0E31D /* AsociarTarjetaViewController.swift in Sources */,
			);
			runOnlyForDeploymentPostprocessing = 0;
		};
/* End PBXSourcesBuildPhase section */

/* Begin PBXVariantGroup section */
		60D688E228A4752400C0E31D /* Main.storyboard */ = {
			isa = PBXVariantGroup;
			children = (
				60D688E328A4752400C0E31D /* Base */,
			);
			name = Main.storyboard;
			sourceTree = "<group>";
		};
		60D688E728A4752600C0E31D /* LaunchScreen.storyboard */ = {
			isa = PBXVariantGroup;
			children = (
				60D688E828A4752600C0E31D /* Base */,
			);
			name = LaunchScreen.storyboard;
			sourceTree = "<group>";
		};
/* End PBXVariantGroup section */

/* Begin XCBuildConfiguration section */
		60D688EB28A4752600C0E31D /* Debug */ = {
			isa = XCBuildConfiguration;
			buildSettings = {
				ALWAYS_SEARCH_USER_PATHS = NO;
				CLANG_ANALYZER_NONNULL = YES;
				CLANG_ANALYZER_NUMBER_OBJECT_CONVERSION = YES_AGGRESSIVE;
				CLANG_CXX_LANGUAGE_STANDARD = "gnu++17";
				CLANG_ENABLE_MODULES = YES;
				CLANG_ENABLE_OBJC_ARC = YES;
				CLANG_ENABLE_OBJC_WEAK = YES;
				CLANG_WARN_BLOCK_CAPTURE_AUTORELEASING = YES;
				CLANG_WARN_BOOL_CONVERSION = YES;
				CLANG_WARN_COMMA = YES;
				CLANG_WARN_CONSTANT_CONVERSION = YES;
				CLANG_WARN_DEPRECATED_OBJC_IMPLEMENTATIONS = YES;
				CLANG_WARN_DIRECT_OBJC_ISA_USAGE = YES_ERROR;
				CLANG_WARN_DOCUMENTATION_COMMENTS = YES;
				CLANG_WARN_EMPTY_BODY = YES;
				CLANG_WARN_ENUM_CONVERSION = YES;
				CLANG_WARN_INFINITE_RECURSION = YES;
				CLANG_WARN_INT_CONVERSION = YES;
				CLANG_WARN_NON_LITERAL_NULL_CONVERSION = YES;
				CLANG_WARN_OBJC_IMPLICIT_RETAIN_SELF = YES;
				CLANG_WARN_OBJC_LITERAL_CONVERSION = YES;
				CLANG_WARN_OBJC_ROOT_CLASS = YES_ERROR;
				CLANG_WARN_QUOTED_INCLUDE_IN_FRAMEWORK_HEADER = YES;
				CLANG_WARN_RANGE_LOOP_ANALYSIS = YES;
				CLANG_WARN_STRICT_PROTOTYPES = YES;
				CLANG_WARN_SUSPICIOUS_MOVE = YES;
				CLANG_WARN_UNGUARDED_AVAILABILITY = YES_AGGRESSIVE;
				CLANG_WARN_UNREACHABLE_CODE = YES;
				CLANG_WARN__DUPLICATE_METHOD_MATCH = YES;
				COPY_PHASE_STRIP = NO;
				DEBUG_INFORMATION_FORMAT = dwarf;
				ENABLE_STRICT_OBJC_MSGSEND = YES;
				ENABLE_TESTABILITY = YES;
				GCC_C_LANGUAGE_STANDARD = gnu11;
				GCC_DYNAMIC_NO_PIC = NO;
				GCC_NO_COMMON_BLOCKS = YES;
				GCC_OPTIMIZATION_LEVEL = 0;
				GCC_PREPROCESSOR_DEFINITIONS = (
					"DEBUG=1",
					"$(inherited)",
				);
				GCC_WARN_64_TO_32_BIT_CONVERSION = YES;
				GCC_WARN_ABOUT_RETURN_TYPE = YES_ERROR;
				GCC_WARN_UNDECLARED_SELECTOR = YES;
				GCC_WARN_UNINITIALIZED_AUTOS = YES_AGGRESSIVE;
				GCC_WARN_UNUSED_FUNCTION = YES;
				GCC_WARN_UNUSED_VARIABLE = YES;
				IPHONEOS_DEPLOYMENT_TARGET = 15.5;
				MTL_ENABLE_DEBUG_INFO = INCLUDE_SOURCE;
				MTL_FAST_MATH = YES;
				ONLY_ACTIVE_ARCH = YES;
				SDKROOT = iphoneos;
				SWIFT_ACTIVE_COMPILATION_CONDITIONS = DEBUG;
				SWIFT_OPTIMIZATION_LEVEL = "-Onone";
			};
			name = Debug;
		};
		60D688EC28A4752600C0E31D /* Release */ = {
			isa = XCBuildConfiguration;
			buildSettings = {
				ALWAYS_SEARCH_USER_PATHS = NO;
				CLANG_ANALYZER_NONNULL = YES;
				CLANG_ANALYZER_NUMBER_OBJECT_CONVERSION = YES_AGGRESSIVE;
				CLANG_CXX_LANGUAGE_STANDARD = "gnu++17";
				CLANG_ENABLE_MODULES = YES;
				CLANG_ENABLE_OBJC_ARC = YES;
				CLANG_ENABLE_OBJC_WEAK = YES;
				CLANG_WARN_BLOCK_CAPTURE_AUTORELEASING = YES;
				CLANG_WARN_BOOL_CONVERSION = YES;
				CLANG_WARN_COMMA = YES;
				CLANG_WARN_CONSTANT_CONVERSION = YES;
				CLANG_WARN_DEPRECATED_OBJC_IMPLEMENTATIONS = YES;
				CLANG_WARN_DIRECT_OBJC_ISA_USAGE = YES_ERROR;
				CLANG_WARN_DOCUMENTATION_COMMENTS = YES;
				CLANG_WARN_EMPTY_BODY = YES;
				CLANG_WARN_ENUM_CONVERSION = YES;
				CLANG_WARN_INFINITE_RECURSION = YES;
				CLANG_WARN_INT_CONVERSION = YES;
				CLANG_WARN_NON_LITERAL_NULL_CONVERSION = YES;
				CLANG_WARN_OBJC_IMPLICIT_RETAIN_SELF = YES;
				CLANG_WARN_OBJC_LITERAL_CONVERSION = YES;
				CLANG_WARN_OBJC_ROOT_CLASS = YES_ERROR;
				CLANG_WARN_QUOTED_INCLUDE_IN_FRAMEWORK_HEADER = YES;
				CLANG_WARN_RANGE_LOOP_ANALYSIS = YES;
				CLANG_WARN_STRICT_PROTOTYPES = YES;
				CLANG_WARN_SUSPICIOUS_MOVE = YES;
				CLANG_WARN_UNGUARDED_AVAILABILITY = YES_AGGRESSIVE;
				CLANG_WARN_UNREACHABLE_CODE = YES;
				CLANG_WARN__DUPLICATE_METHOD_MATCH = YES;
				COPY_PHASE_STRIP = NO;
				DEBUG_INFORMATION_FORMAT = "dwarf-with-dsym";
				ENABLE_NS_ASSERTIONS = NO;
				ENABLE_STRICT_OBJC_MSGSEND = YES;
				GCC_C_LANGUAGE_STANDARD = gnu11;
				GCC_NO_COMMON_BLOCKS = YES;
				GCC_WARN_64_TO_32_BIT_CONVERSION = YES;
				GCC_WARN_ABOUT_RETURN_TYPE = YES_ERROR;
				GCC_WARN_UNDECLARED_SELECTOR = YES;
				GCC_WARN_UNINITIALIZED_AUTOS = YES_AGGRESSIVE;
				GCC_WARN_UNUSED_FUNCTION = YES;
				GCC_WARN_UNUSED_VARIABLE = YES;
				IPHONEOS_DEPLOYMENT_TARGET = 15.5;
				MTL_ENABLE_DEBUG_INFO = NO;
				MTL_FAST_MATH = YES;
				SDKROOT = iphoneos;
				SWIFT_COMPILATION_MODE = wholemodule;
				SWIFT_OPTIMIZATION_LEVEL = "-O";
				VALIDATE_PRODUCT = YES;
			};
			name = Release;
		};
		60D688EE28A4752600C0E31D /* Debug */ = {
			isa = XCBuildConfiguration;
			baseConfigurationReference = C7A02B3A771894F593A012E6 /* Pods-test-bankapp-ios.debug.xcconfig */;
			buildSettings = {
				ASSETCATALOG_COMPILER_APPICON_NAME = AppIcon;
				ASSETCATALOG_COMPILER_GLOBAL_ACCENT_COLOR_NAME = AccentColor;
				CODE_SIGN_IDENTITY = "Apple Development";
				CODE_SIGN_STYLE = Automatic;
				CURRENT_PROJECT_VERSION = 1;
				DEVELOPMENT_TEAM = Y327A7N5Q8;
				GENERATE_INFOPLIST_FILE = YES;
				INFOPLIST_FILE = "test-bankapp-ios/Info.plist";
				INFOPLIST_KEY_UIApplicationSupportsIndirectInputEvents = YES;
				INFOPLIST_KEY_UILaunchStoryboardName = LaunchScreen;
				INFOPLIST_KEY_UIMainStoryboardFile = Main;
				INFOPLIST_KEY_UISupportedInterfaceOrientations_iPad = "UIInterfaceOrientationPortrait UIInterfaceOrientationPortraitUpsideDown UIInterfaceOrientationLandscapeLeft UIInterfaceOrientationLandscapeRight";
				INFOPLIST_KEY_UISupportedInterfaceOrientations_iPhone = "UIInterfaceOrientationPortrait UIInterfaceOrientationLandscapeLeft UIInterfaceOrientationLandscapeRight";
				LD_RUNPATH_SEARCH_PATHS = (
					"$(inherited)",
					"@executable_path/Frameworks",
				);
				MARKETING_VERSION = 1.0;
				PRODUCT_BUNDLE_IDENTIFIER = "com.rotadev.test-bankapp-ios";
				PRODUCT_NAME = "$(TARGET_NAME)";
				PROVISIONING_PROFILE_SPECIFIER = "";
				SWIFT_EMIT_LOC_STRINGS = YES;
				SWIFT_VERSION = 5.0;
				TARGETED_DEVICE_FAMILY = "1,2";
			};
			name = Debug;
		};
		60D688EF28A4752600C0E31D /* Release */ = {
			isa = XCBuildConfiguration;
			baseConfigurationReference = 2918B6FB21648ED99900A94F /* Pods-test-bankapp-ios.release.xcconfig */;
			buildSettings = {
				ASSETCATALOG_COMPILER_APPICON_NAME = AppIcon;
				ASSETCATALOG_COMPILER_GLOBAL_ACCENT_COLOR_NAME = AccentColor;
				CODE_SIGN_IDENTITY = "Apple Development";
				CODE_SIGN_STYLE = Automatic;
				CURRENT_PROJECT_VERSION = 1;
				DEVELOPMENT_TEAM = Y327A7N5Q8;
				GENERATE_INFOPLIST_FILE = YES;
				INFOPLIST_FILE = "test-bankapp-ios/Info.plist";
				INFOPLIST_KEY_UIApplicationSupportsIndirectInputEvents = YES;
				INFOPLIST_KEY_UILaunchStoryboardName = LaunchScreen;
				INFOPLIST_KEY_UIMainStoryboardFile = Main;
				INFOPLIST_KEY_UISupportedInterfaceOrientations_iPad = "UIInterfaceOrientationPortrait UIInterfaceOrientationPortraitUpsideDown UIInterfaceOrientationLandscapeLeft UIInterfaceOrientationLandscapeRight";
				INFOPLIST_KEY_UISupportedInterfaceOrientations_iPhone = "UIInterfaceOrientationPortrait UIInterfaceOrientationLandscapeLeft UIInterfaceOrientationLandscapeRight";
				LD_RUNPATH_SEARCH_PATHS = (
					"$(inherited)",
					"@executable_path/Frameworks",
				);
				MARKETING_VERSION = 1.0;
				PRODUCT_BUNDLE_IDENTIFIER = "com.rotadev.test-bankapp-ios";
				PRODUCT_NAME = "$(TARGET_NAME)";
				PROVISIONING_PROFILE_SPECIFIER = "";
				SWIFT_EMIT_LOC_STRINGS = YES;
				SWIFT_VERSION = 5.0;
				TARGETED_DEVICE_FAMILY = "1,2";
			};
			name = Release;
		};
/* End XCBuildConfiguration section */

/* Begin XCConfigurationList section */
		60D688D428A4752400C0E31D /* Build configuration list for PBXProject "test-bankapp-ios" */ = {
			isa = XCConfigurationList;
			buildConfigurations = (
				60D688EB28A4752600C0E31D /* Debug */,
				60D688EC28A4752600C0E31D /* Release */,
			);
			defaultConfigurationIsVisible = 0;
			defaultConfigurationName = Release;
		};
		60D688ED28A4752600C0E31D /* Build configuration list for PBXNativeTarget "test-bankapp-ios" */ = {
			isa = XCConfigurationList;
			buildConfigurations = (
				60D688EE28A4752600C0E31D /* Debug */,
				60D688EF28A4752600C0E31D /* Release */,
			);
			defaultConfigurationIsVisible = 0;
			defaultConfigurationName = Release;
		};
/* End XCConfigurationList section */
	};
	rootObject = 60D688D128A4752300C0E31D /* Project object */;
}
